lockfileVersion: '9.0'

settings:
  autoInstallPeers: true
  excludeLinksFromLockfile: false

importers:

  .:
    devDependencies:
      '@engine262/engine262':
        specifier: 0.0.1-dd05c163162914b12baca4fbabb6e9ce99a217bc
        version: 0.0.1-dd05c163162914b12baca4fbabb6e9ce99a217bc
      '@kermanx/tree-shaker':
        specifier: link:..\napi
        version: link:../napi
      diff:
        specifier: ^6.0.0
        version: 6.0.0
      picocolors:
        specifier: ^1.1.0
        version: 1.1.0
      test262-harness:
        specifier: ^10.0.0
        version: 10.0.0

packages:

  '@bazel/runfiles@5.8.1':
    resolution: {integrity: sha512-NDdfpdQ6rZlylgv++iMn5FkObC/QlBQvipinGLSOguTYpRywmieOyJ29XHvUilspwTFSILWpoE9CqMGkHXug1g==}

  '@engine262/engine262@0.0.1-dd05c163162914b12baca4fbabb6e9ce99a217bc':
    resolution: {integrity: sha512-m6qcSSZsa/W89Z7xMrJ/f89pm/U9nNp40cOOBqdQ4YbK7WYcsffVHzXSVix/JqF1CkDef9/T8mOvpWWZfAsWJg==}
    hasBin: true

  accepts@1.3.8:
    resolution: {integrity: sha512-PYAthTa2m2VKxuvSD3DPC/Gy+U+sOA1LAuT8mkmRuvw+NACSaeXEQ+NHcVF7rONl6qcaxV3Uuemwawk+7+SJLw==}
    engines: {node: '>= 0.6'}

  after@0.8.2:
    resolution: {integrity: sha512-QbJ0NTQ/I9DI3uSJA4cbexiwQeRAfjPScqIbSjUDd9TOrcg6pTkdgziesOqxBMBzit8vFCTwrP27t13vFOORRA==}

  ansi-regex@4.1.1:
    resolution: {integrity: sha512-ILlv4k/3f6vfQ4OoP2AGvirOktlQ98ZEL1k9FaQjxa3L1abBgbuTDAdPOpvbGncC0BTVQrl+OM8xZGK6tWXt7g==}
    engines: {node: '>=6'}

  ansi-styles@3.2.1:
    resolution: {integrity: sha512-VT0ZI6kZRdTh8YyJw3SMbYm/u+NqfsAxEpWO0Pf9sq8/e94WxxOpPKx9FR1FlyCtOVDNOQ+8ntlqFxiRc+r5qA==}
    engines: {node: '>=4'}

  argparse@1.0.10:
    resolution: {integrity: sha512-o5Roy6tNG4SL/FOkCAN6RzjiakZS25RLYFrcMttJqbdd8BWrnA+fGz57iN5Pb06pvBGvl5gQ0B48dJlslXvoTg==}

  arraybuffer.slice@0.0.7:
    resolution: {integrity: sha512-wGUIVQXuehL5TCqQun8OW81jGzAWycqzFF8lFp+GOM5BXLYj3bKNsYC4daB7n6XjCqxQA/qgTJ+8ANR3acjrog==}

  ast-types@0.12.4:
    resolution: {integrity: sha512-ky/YVYCbtVAS8TdMIaTiPFHwEpRB5z1hctepJplTr3UW5q8TDrpIMCILyk8pmLxGtn2KCtC/lSn7zOsaI7nzDw==}
    engines: {node: '>=4'}

  backo2@1.0.2:
    resolution: {integrity: sha512-zj6Z6M7Eq+PBZ7PQxl5NT665MvJdAkzp0f60nAJ+sLaSCBPMwVak5ZegFbgVCzFcCJTKFoMizvM5Ld7+JrRJHA==}

  balanced-match@1.0.2:
    resolution: {integrity: sha512-3oSeUO0TMV67hN1AmbXsK4yaqU7tjiHlbxRDZOpH0KW9+CeX4bRAaX0Anxt0tx2MrpRpWwQaPwIlISEJhYU5Pw==}

  base64-arraybuffer@0.1.4:
    resolution: {integrity: sha512-a1eIFi4R9ySrbiMuyTGx5e92uRH5tQY6kArNcFaKBUleIoLjdjBg7Zxm3Mqm3Kmkf27HLR/1fnxX9q8GQ7Iavg==}
    engines: {node: '>= 0.6.0'}

  base64id@2.0.0:
    resolution: {integrity: sha512-lGe34o6EHj9y3Kts9R4ZYs/Gr+6N7MCaMlIFA3F1R2O5/m7K06AxfSeO5530PEERE6/WyEg3lsuyw4GHlPZHog==}
    engines: {node: ^4.5.0 || >= 5.9}

  blob@0.0.5:
    resolution: {integrity: sha512-gaqbzQPqOoamawKg0LGVd7SzLgXS+JH61oWprSLH+P+abTczqJbhTR8CmJ2u9/bUYNmHTGJx/UEmn6doAvvuig==}

  brace-expansion@1.1.11:
    resolution: {integrity: sha512-iCuPHDFgrHX7H2vEI/5xpz07zSHB00TpugqhmYtVmMO6518mCuRMoOYFldEBl0g187ufozdaHgWKcYFb61qGiA==}

  camelcase@5.3.1:
    resolution: {integrity: sha512-L28STB170nwWS63UjtlEOE3dldQApaJXZkOI1uMFfzf3rRuPegHaHesyee+YxQ+W6SvRDQV6UrdOdRiR153wJg==}
    engines: {node: '>=6'}

  cliui@5.0.0:
    resolution: {integrity: sha512-PYeGSEmmHM6zvoef2w8TPzlrnNpXIjTipYK780YswmIP9vjxmd6Y2a3CB2Ks6/AU8NHjZugXvo8w3oWM2qnwXA==}

  color-convert@1.9.3:
    resolution: {integrity: sha512-QfAUtd+vFdAtFQcC8CCyYt1fYWxSqAiK2cSD6zDB8N3cpsEBAvRxp9zOGg6G/SHHJYAT88/az/IuDGALsNVbGg==}

  color-name@1.1.3:
    resolution: {integrity: sha512-72fSenhMw2HZMTVHeCA9KCmpEIbzWiQsjN+BHcBbS9vr1mtt+vJjPdksIBNUmKAW8TFUDPJK5SUU3QhE9NEXDw==}

  component-bind@1.0.0:
    resolution: {integrity: sha512-WZveuKPeKAG9qY+FkYDeADzdHyTYdIboXS59ixDeRJL5ZhxpqUnxSOwop4FQjMsiYm3/Or8cegVbpAHNA7pHxw==}

  component-emitter@1.2.1:
    resolution: {integrity: sha512-jPatnhd33viNplKjqXKRkGU345p263OIWzDL2wH3LGIGp5Kojo+uXizHmOADRvhGFFTnJqX3jBAKP6vvmSDKcA==}

  component-emitter@1.3.1:
    resolution: {integrity: sha512-T0+barUSQRTUQASh8bx02dl+DhF54GtIDY13Y3m9oWTklKbb3Wv974meRpeZ3lp1JpLVECWWNHC4vaG2XHXouQ==}

  component-inherit@0.0.3:
    resolution: {integrity: sha512-w+LhYREhatpVqTESyGFg3NlP6Iu0kEKUHETY9GoZP/pQyW4mHFZuFWRUCIqVPZ36ueVLtoOEZaAqbCF2RDndaA==}

  concat-map@0.0.1:
    resolution: {integrity: sha512-/Srv4dswyQNBfohGpz9o6Yb3Gz3SrUDqBH5rTuhGR7ahtlbYKnVxw2bCFMRljaA7EXHaXZ8wsHdodFvbkhKmqg==}

  cookie@0.4.2:
    resolution: {integrity: sha512-aSWTXFzaKWkvHO1Ny/s+ePFpvKsPnjc551iI41v3ny/ow6tBG5Vd+FuqGNhh1LxOmVzOlGUriIlOaokOvhaStA==}
    engines: {node: '>= 0.6'}

  core-util-is@1.0.3:
    resolution: {integrity: sha512-ZQBvi1DcpJ4GDqanjucZ2Hj3wEO5pZDS89BWbkcrvdxksJorwUDDZamX9ldFkp9aw2lmBDLgkObEA4DWNJ9FYQ==}

  debug@3.1.0:
    resolution: {integrity: sha512-OX8XqP7/1a9cqkxYw2yXss15f26NKWBpDXQd0/uK/KPqdQhxbPa994hnzjcE2VqQpDslf55723cKPUOGSmMY3g==}
    peerDependencies:
      supports-color: '*'
    peerDependenciesMeta:
      supports-color:
        optional: true

  debug@4.1.1:
    resolution: {integrity: sha512-pYAIzeRo8J6KPEaJ0VWOh5Pzkbw/RetuzehGM7QRRX5he4fPHx2rdKMB256ehJCkX+XRQm16eZLqLNS8RSZXZw==}
    deprecated: Debug versions >=3.2.0 <3.2.7 || >=4 <4.3.1 have a low-severity ReDos regression when used in a Node.js environment. It is recommended you upgrade to 3.2.7 or 4.3.1. (https://github.com/visionmedia/debug/issues/797)
    peerDependencies:
      supports-color: '*'
    peerDependenciesMeta:
      supports-color:
        optional: true

  decamelize@1.2.0:
    resolution: {integrity: sha512-z2S+W9X73hAUUki+N+9Za2lBlun89zigOyGrsax+KUQ6wKW4ZoWpEYBkGhQjwAjjDCkWxhY0VKEhk8wzY7F5cA==}
    engines: {node: '>=0.10.0'}

  diff@6.0.0:
    resolution: {integrity: sha512-NbGtgPSw7il+jeajji1H6iKjCk3r/ANQKw3FFUhGV50+MH5MKIMeUmi53piTr7jlkWcq9eS858qbkRzkehwe+w==}
    engines: {node: '>=0.3.1'}

  emoji-regex@7.0.3:
    resolution: {integrity: sha512-CwBLREIQ7LvYFB0WyRvwhq5N5qPhc6PMjD6bYggFlI5YyDgl+0vxq5VHbMOFqLg7hfWzmu8T5Z1QofhmTIhItA==}

  engine.io-client@3.5.4:
    resolution: {integrity: sha512-ydc8uuMMDxC5KCKNJN3zZKYJk2sgyTuTZQ7Aj1DJSsLKAcizA/PzWivw8fZMIjJVBo2CJOYzntv4FSjY/Lr//g==}

  engine.io-parser@2.2.1:
    resolution: {integrity: sha512-x+dN/fBH8Ro8TFwJ+rkB2AmuVw9Yu2mockR/p3W8f8YtExwFgDvBDi0GWyb4ZLkpahtDGZgtr3zLovanJghPqg==}

  engine.io@3.6.2:
    resolution: {integrity: sha512-C4JjGQZLY3kWlIDx0BQNKizbrfpb7NahxDztGdN5jrPK2ghmXiNDN+E/t0JzDeNRZxPVaszxEng42Pmj27X/0w==}
    engines: {node: '>=8.0.0'}

  error-stack-parser@1.3.6:
    resolution: {integrity: sha512-xhuSYd8wLgOXwNgjcPeXMPL/IiiA1Huck+OPvClpJViVNNlJVtM41o+1emp7bPvlCJwCatFX2DWc05/DgfbWzA==}

  eshost@9.0.0:
    resolution: {integrity: sha512-hq1phapnwdDoBO/o5PhcGoex9ueAY2xlQEcvA0zq/u4J+yUypFnBEh1gZABLlmdM1ZmOBDbjawUb/ICDdvyJVw==}

  esprima@4.0.1:
    resolution: {integrity: sha512-eGuFFw7Upda+g4p+QHvnW0RyTX/SVeJBDM/gCtMARO0cLuT2HcEKnTPvhjV6aGeqrCB/sbNop0Kszm0jsaWU4A==}
    engines: {node: '>=4'}
    hasBin: true

  find-up@3.0.0:
    resolution: {integrity: sha512-1yD6RmLI1XBfxugvORwlck6f75tYL+iR0jqwsOrOxMZyGYqUuDhJ0l4AXdO1iX/FTs9cBAMEk1gWSEx1kSbylg==}
    engines: {node: '>=6'}

  get-caller-file@2.0.5:
    resolution: {integrity: sha512-DyFP3BM/3YHTQOCUL/w0OZHR0lpKeGrxotcHWcqNEdnltqFwXVfhEBQ94eIo34AfQpo0rGki4cyIiftY06h2Fg==}
    engines: {node: 6.* || 8.* || >= 10.*}

  graceful-fs@4.2.11:
    resolution: {integrity: sha512-RbJ5/jmFcNNCcDV5o9eTnBLJ/HszWV0P73bc+Ff4nS/rJj+YaS6IGyiOL0VoBYX+l1Wrl3k63h/KrH+nhJ0XvQ==}

  has-binary2@1.0.3:
    resolution: {integrity: sha512-G1LWKhDSvhGeAQ8mPVQlqNcOB2sJdwATtZKl2pDKKHfpf/rYj24lkinxf69blJbnsvtqqNU+L3SL50vzZhXOnw==}

  has-cors@1.1.0:
    resolution: {integrity: sha512-g5VNKdkFuUuVCP9gYfDJHjK2nqdQJ7aDLTnycnc2+RvsOQbuLdF5pm7vuE5J76SEBIQjs4kQY/BWq74JUmjbXA==}

  immediate@3.0.6:
    resolution: {integrity: sha512-XXOFtyqDjNDAQxVfYxuF7g9Il/IbWmmlQg2MYKOH8ExIT1qg6xc4zyS3HaEEATgs1btfzxq15ciUiY7gjSXRGQ==}

  indexof@0.0.1:
    resolution: {integrity: sha512-i0G7hLJ1z0DE8dsqJa2rycj9dBmNKgXBvotXtZYXakU9oivfB9Uj2ZBC27qqef2U58/ZLwalxa1X/RDCdkHtVg==}

  inherits@2.0.4:
    resolution: {integrity: sha512-k/vGaX4/Yla3WzyMCvTQOXYeIHvqOKtnqBduzTHpzpQZzAskKMhZ2K+EnBiSM9zGSoIFeMpXKxa4dYeZIQqewQ==}

  is-fullwidth-code-point@2.0.0:
    resolution: {integrity: sha512-VHskAKYM8RfSFXwee5t5cbN5PZeq1Wrh6qd5bkyiXIf6UQcN6w/A0eXM9r6t8d+GYOh+o6ZhiEnb88LN/Y8m2w==}
    engines: {node: '>=4'}

  is-symlink@0.1.1:
    resolution: {integrity: sha512-HAC7xFRN4t4mVutcQfWzwAFNlD8tQFUSVwOeBLbTtgUf+Lb74AfhMT54ZcsYZ1vB5T08BLJH2z8y8im5lLcCMg==}
    engines: {node: '>=0.10.0'}

  isarray@1.0.0:
    resolution: {integrity: sha512-VLghIWNM6ELQzo7zwmcg0NmTVyWKYjvIeM83yjp0wRDTmUnrM678fQbcKBo6n2CJEF0szoG//ytg+TKla89ALQ==}

  isarray@2.0.1:
    resolution: {integrity: sha512-c2cu3UxbI+b6kR3fy0nRnAhodsvR9dx7U5+znCOzdj6IfP3upFURTr0Xl5BlQZNKZjEtxrmVyfSdeE3O57smoQ==}

  js-yaml@3.14.1:
    resolution: {integrity: sha512-okMH7OXXJ7YrN9Ok3/SXrnu4iX9yOk+25nqX4imS2npuvTYDmo/QEZoqwZkYaIDk3jVvBOTOIEgEhaLOynBS9g==}
    hasBin: true

  jszip@3.10.1:
    resolution: {integrity: sha512-xXDvecyTpGLrqFrvkrUSoxxfJI5AH7U8zxxtVclpsUtMCq4JQ290LY8AW5c7Ggnr/Y/oK+bQMbqK2qmtk3pN4g==}

  klaw@2.1.1:
    resolution: {integrity: sha512-kuInGWCNc98b1ghOqBJfqPOvAKn9HHgm+SdluR5VNfdA7rs7uNsuXGy7CCqsP6pFKPpUoCH4s9o00GEj9xONHg==}

  lie@3.3.0:
    resolution: {integrity: sha512-UaiMJzeWRlEujzAuw5LokY1L5ecNQYZKfmyZ9L7wDHb/p5etKaxXhohBcrw0EYby+G/NA52vRSN4N39dxHAIwQ==}

  locate-path@3.0.0:
    resolution: {integrity: sha512-7AO748wWnIhNqAuaty2ZWHkQHRSNfPVIsPIfwEOWO22AmaoVrWavlOcMR5nzTLNYvp36X220/maaRsrec1G65A==}
    engines: {node: '>=6'}

  mime-db@1.52.0:
    resolution: {integrity: sha512-sPU4uV7dYlvtWJxwwxHD0PuihVNiE7TyAbQ5SWxDCB9mUYvOgroQOwYQQOKPJ8CIbE+1ETVlOoK1UC2nU3gYvg==}
    engines: {node: '>= 0.6'}

  mime-types@2.1.35:
    resolution: {integrity: sha512-ZDY+bPm5zTTF+YpCrAU9nK0UgICYPT0QtT1NZWFv4s++TNkcgVaT0g6+4R2uI4MjQjzysHB1zxuWL50hzaeXiw==}
    engines: {node: '>= 0.6'}

  minimatch@3.1.2:
    resolution: {integrity: sha512-J7p63hRiAjw1NDEww1W7i37+ByIrOWO5XQQAzZ3VOcL0PNybwpfmV/N05zFAzwQ9USyEcX6t3UO+K5aqBQOIHw==}

  minimist@1.2.8:
    resolution: {integrity: sha512-2yyAR8qBkN3YuheJanUpWC5U3bb5osDywNB8RzDVlDwDHbocAJveqqj1u8+SVD7jkWT4yvsHCpWqqWqAxb0zCA==}

  mkdirp@0.5.6:
    resolution: {integrity: sha512-FP+p8RB8OWpF3YZBCrP5gtADmtXApB5AMLn+vdyA+PyxCjrCs00mjyUozssO33cwDeT3wNGdLxJ5M//YqtHAJw==}
    hasBin: true

  ms@2.0.0:
    resolution: {integrity: sha512-Tpp60P6IUJDTuOq/5Z8cdskzJujfwqfOTkrwIwj7IRISpnkJnT6SyJ4PCPnGMoFjC9ddhal5KVIYtAt97ix05A==}

  ms@2.1.3:
    resolution: {integrity: sha512-6FlzubTLZG3J2a/NVCAleEhjzq5oxgHyaCU9yYXvcLsvoVaHJq/s5xXI6/XXP6tz7R9xAOtHnSO/tXtF3WRTlA==}

  negotiator@0.6.3:
    resolution: {integrity: sha512-+EUsqGPLsM+j/zdChZjsnX51g4XrHFOIXwfnCVPGlQk/k5giakcKsuxCObBRu6DSm9opw/O6slWbJdghQM4bBg==}
    engines: {node: '>= 0.6'}

  os-tmpdir@1.0.2:
    resolution: {integrity: sha512-D2FR03Vir7FIu45XBY20mTb+/ZSWB00sjU9jdQXt83gDrI4Ztz5Fs7/yy74g2N5SVQY4xY1qDr4rNddwYRVX0g==}
    engines: {node: '>=0.10.0'}

  p-limit@2.3.0:
    resolution: {integrity: sha512-//88mFWSJx8lxCzwdAABTJL2MyWB12+eIY7MDL2SqLmAkeKU9qxRvWuSyTjm3FUmpBEMuFfckAIqEaVGUDxb6w==}
    engines: {node: '>=6'}

  p-locate@3.0.0:
    resolution: {integrity: sha512-x+12w/To+4GFfgJhBEpiDcLozRJGegY+Ei7/z0tSLkMmxGZNybVMSfWj9aJn8Z5Fc7dBUNJOOVgPv2H7IwulSQ==}
    engines: {node: '>=6'}

  p-try@2.2.0:
    resolution: {integrity: sha512-R4nPAVTAU0B9D35/Gk3uJf/7XYbQcyohSKdvAxIRSNghFl4e71hVoGnBNQz9cWaXxO2I10KTC+3jMdvvoKw6dQ==}
    engines: {node: '>=6'}

  pako@1.0.11:
    resolution: {integrity: sha512-4hLB8Py4zZce5s4yd9XzopqwVv/yGNhV1Bl8NTmCq1763HeK2+EwVTv+leGeL13Dnh2wfbqowVPXCIO0z4taYw==}

  parseqs@0.0.6:
    resolution: {integrity: sha512-jeAGzMDbfSHHA091hr0r31eYfTig+29g3GKKE/PPbEQ65X0lmMwlEoqmhzu0iztID5uJpZsFlUPDP8ThPL7M8w==}

  parseuri@0.0.6:
    resolution: {integrity: sha512-AUjen8sAkGgao7UyCX6Ahv0gIK2fABKmYjvP4xmy5JaKvcbTRueIqIPHLAfq30xJddqSE033IOMUSOMCcK3Sow==}

  path-exists@3.0.0:
    resolution: {integrity: sha512-bpC7GYwiDYQ4wYLe+FA8lhRjhQCMcQGuSgGGqDkg/QerRWw9CmGRT0iSOVRSZJ29NMLZgIzqaljJ63oaL4NIJQ==}
    engines: {node: '>=4'}

  picocolors@1.1.0:
    resolution: {integrity: sha512-TQ92mBOW0l3LeMeyLV6mzy/kWr8lkd/hp3mTg7wYK7zJhuBStmGMBG0BdeDZS/dZx1IukaX6Bk11zcln25o1Aw==}

  private@0.1.8:
    resolution: {integrity: sha512-VvivMrbvd2nKkiG38qjULzlc+4Vx4wm/whI9pQD35YrARNnhxeiRktSOhSukRLFNlzg6Br/cJPet5J/u19r/mg==}
    engines: {node: '>= 0.6'}

  process-nextick-args@2.0.1:
    resolution: {integrity: sha512-3ouUOpQhtgrbOa17J7+uxOTpITYWaGP7/AhoR3+A+/1e9skrzelGi/dXzEYyvbxubEF6Wn2ypscTKiKJFFn1ag==}

  readable-stream@2.3.8:
    resolution: {integrity: sha512-8p0AUk4XODgIewSi0l8Epjs+EVnWiK7NoDIEGU0HhE7+ZyY8D1IMY7odu5lRrFXGg71L15KG8QrPmum45RTtdA==}

  recast@0.17.6:
    resolution: {integrity: sha512-yoQRMRrK1lszNtbkGyM4kN45AwylV5hMiuEveUBlxytUViWevjvX6w+tzJt1LH4cfUhWt4NZvy3ThIhu6+m5wQ==}
    engines: {node: '>= 4'}

  require-directory@2.1.1:
    resolution: {integrity: sha512-fGxEI7+wsG9xrvdjsrlmL22OMTTiHRwAMroiEeMgq8gzoLC/PQr7RsRDSTLUg/bZAZtF+TVIkHc6/4RIKrui+Q==}
    engines: {node: '>=0.10.0'}

  require-main-filename@2.0.0:
    resolution: {integrity: sha512-NKN5kMDylKuldxYLSUfrbo5Tuzh4hd+2E8NPPX02mZtn1VuREQToYe/ZdlJy+J3uCpfaiGF05e7B8W0iXbQHmg==}

  rxjs@6.6.7:
    resolution: {integrity: sha512-hTdwr+7yYNIT5n4AMYp85KA6yw2Va0FLa3Rguvbpa4W3I5xynaBZo41cM3XM+4Q6fRMj3sBYIR1VAmZMXYJvRQ==}
    engines: {npm: '>=2.0.0'}

  safe-buffer@5.1.2:
    resolution: {integrity: sha512-Gd2UZBJDkXlY7GbJxfsE8/nvKkUEU1G38c1siN6QP6a9PT9MmHB8GnpscSmMJSoF8LOIrt8ud/wPtojys4G6+g==}

  selenium-webdriver@4.24.0:
    resolution: {integrity: sha512-qrqoHhHPZuKLiz5VAQUxrn3ILs7/cYqn2/x96r35g5JjkLUjOS1lX+F+tEJKhRMlQ/MGJ+N1016JF5g2xZUFzw==}
    engines: {node: '>= 14.21.0'}

  server-destroy@1.0.1:
    resolution: {integrity: sha512-rb+9B5YBIEzYcD6x2VKidaa+cqYBJQKnU4oe4E3ANwRRN56yk/ua1YCJT1n21NTS8w6CcOclAKNP3PhdCXKYtQ==}

  set-blocking@2.0.0:
    resolution: {integrity: sha512-KiKBS8AnWGEyLzofFfmvKwpdPzqiy16LvQfK3yv/fVH7Bj13/wl3JSR1J+rfgRE9q7xUJK4qvgS8raSOeLUehw==}

  setimmediate@1.0.5:
    resolution: {integrity: sha512-MATJdZp8sLqDl/68LfQmbP8zKPLQNV6BIZoIgrscFDQ+RsvK/BxeDQOgyxKKoh0y/8h3BqVFnCqQ/gd+reiIXA==}

  socket.io-adapter@1.1.2:
    resolution: {integrity: sha512-WzZRUj1kUjrTIrUKpZLEzFZ1OLj5FwLlAFQs9kuZJzJi5DKdU7FsWc36SNmA8iDOtwBQyT8FkrriRM8vXLYz8g==}

  socket.io-client@2.5.0:
    resolution: {integrity: sha512-lOO9clmdgssDykiOmVQQitwBAF3I6mYcQAo7hQ7AM6Ny5X7fp8hIJ3HcQs3Rjz4SoggoxA1OgrQyY8EgTbcPYw==}

  socket.io-parser@3.3.4:
    resolution: {integrity: sha512-z/pFQB3x+EZldRRzORYW1vwVO8m/3ILkswtnpoeU6Ve3cbMWkmHEWDAVJn4QJtchiiFTo5j7UG2QvwxvaA9vow==}

  socket.io-parser@3.4.3:
    resolution: {integrity: sha512-1rE4dZN3kCI/E5wixd393hmbqa78vVpkKmnEJhLeWoS/C5hbFYAbcSfnWoaVH43u9ToUVtzKjguxEZq+1XZfCQ==}
    engines: {node: '>=10.0.0'}

  socket.io@2.5.1:
    resolution: {integrity: sha512-eaTE4tBKRD6RFoetquMbxgvcpvoDtRyIlkIMI/SMK2bsKvbENTsDeeu4GJ/z9c90yOWxB7b/eC+yKLPbHnH6bA==}

  source-map@0.6.1:
    resolution: {integrity: sha512-UjgapumWlbMhkBgzT7Ykc5YXUT46F0iKu8SGXq0bcwP5dz/h0Plj6enJqjz1Zbq2l5WaqYnrVbwWOWMyF3F47g==}
    engines: {node: '>=0.10.0'}

  sprintf-js@1.0.3:
    resolution: {integrity: sha512-D9cPgkvLlV3t3IzL0D0YLvGA9Ahk4PcvVwUbN0dSGr1aP0Nrt4AEnTUbuGvquEC0mA64Gqt1fzirlRs5ibXx8g==}

  stackframe@0.3.1:
    resolution: {integrity: sha512-XmoiF4T5nuWEp2x2w92WdGjdHGY/cZa6LIbRsDRQR/Xlk4uW0PAUlH1zJYVffocwKpCdwyuypIp25xsSXEtZHw==}

  string-width@3.1.0:
    resolution: {integrity: sha512-vafcv6KjVZKSgz06oM/H6GDBrAtz8vdhQakGjFIvNrHA6y3HCF1CInLy+QLq8dTJPQ1b+KDUqDFctkdRW44e1w==}
    engines: {node: '>=6'}

  string_decoder@1.1.1:
    resolution: {integrity: sha512-n/ShnvDi6FHbbVfviro+WojiFzv+s8MPMHBczVePfUpDJLwoLT0ht1l4YwBCbi8pJAveEEdnkHyPyTP/mzRfwg==}

  strip-ansi@5.2.0:
    resolution: {integrity: sha512-DuRs1gKbBqsMKIZlrffwlug8MHkcnpjs5VPmL1PAh+mA30U0DTotfDZ0d2UUsXpPmPmMMJ6W773MaA3J+lbiWA==}
    engines: {node: '>=6'}

  test262-harness@10.0.0:
    resolution: {integrity: sha512-ntNOi+q6NMXYNAa7nwg7IgP+8ahcdqvPvkEUu6TN38nkTHIBjB/KY5jLIUD70Qk4EKd15rHHfSGDc1SVdblj4w==}
    hasBin: true

  test262-stream@1.4.0:
    resolution: {integrity: sha512-s364askxqgyWAtIwvYCG5nYT3P32g9ByEt1ML49ubFlPE52GA6fG5ZZGmf4y/YJgKtppRAZZ7YVd9NOsk1oUxA==}

  tmp@0.2.3:
    resolution: {integrity: sha512-nZD7m9iCPC5g0pYmcaxogYKggSfLsdxl8of3Q/oIbqCqLLIO9IAF0GWjX1z9NZRHPiXv8Wex4yDCaZsgEw0Y8w==}
    engines: {node: '>=14.14'}

  to-array@0.1.4:
    resolution: {integrity: sha512-LhVdShQD/4Mk4zXNroIQZJC+Ap3zgLcDuwEdcmLv9CCO73NWockQDwyUnW/m8VX/EElfL6FcYx7EeutN4HJA6A==}

  tslib@1.14.1:
    resolution: {integrity: sha512-Xni35NKzjgMrwevysHTCArtLDpPvye8zV/0E4EyYn43P7/7qvQwPh9BGkHewbMulVntbigmcT7rdX3BNo9wRJg==}

  uid2@0.0.3:
    resolution: {integrity: sha512-5gSP1liv10Gjp8cMEnFd6shzkL/D6W1uhXSFNCxDC+YI8+L8wkCYCbJ7n77Ezb4wE/xzMogecE+DtamEe9PZjg==}

  unique-temp-dir@1.0.0:
    resolution: {integrity: sha512-tE68ki2FndoVdPioyiz8mYaJeX3xU/9lk4dml7KlLKEkWLtDGAYeg5LGjE2dMkzB8d6R3HbcKTn/I14nukP2dw==}
    engines: {node: '>=0.10.0'}

  util-deprecate@1.0.2:
    resolution: {integrity: sha512-EPD5q1uXyFxJpCrLnCc1nHnq3gOa6DZBocAIiI2TaSCA7VCJ1UJDMagCzIkXNsUYfD1daK//LTEQ8xiIbrHtcw==}

  which-module@2.0.1:
    resolution: {integrity: sha512-iBdZ57RDvnOR9AGBhML2vFZf7h8vmBjhoaZqODJBFWHVtKkDmKuHai3cx5PgVMrX5YDNp27AofYbAwctSS+vhQ==}

  wrap-ansi@5.1.0:
    resolution: {integrity: sha512-QC1/iN/2/RPVJ5jYK8BGttj5z83LmSKmvbvrXPNCLZSEb32KKVDJDl/MOt2N01qU2H/FkzEa9PKto1BqDjtd7Q==}
    engines: {node: '>=6'}

  ws@7.5.10:
    resolution: {integrity: sha512-+dbF1tHwZpXcbOJdVOkzLDxZP1ailvSxM6ZweXTegylPny803bFhA+vqBYw4s31NSAk4S2Qz+AKXK9a4wkdjcQ==}
    engines: {node: '>=8.3.0'}
    peerDependencies:
      bufferutil: ^4.0.1
      utf-8-validate: ^5.0.2
    peerDependenciesMeta:
      bufferutil:
        optional: true
      utf-8-validate:
        optional: true

  ws@8.18.0:
    resolution: {integrity: sha512-8VbfWfHLbbwu3+N6OKsOMpBdT4kXPDDB9cJk2bJ6mh9ucxdlnNvH1e+roYkKmN9Nxw2yjz7VzeO9oOz2zJ04Pw==}
    engines: {node: '>=10.0.0'}
    peerDependencies:
      bufferutil: ^4.0.1
      utf-8-validate: '>=5.0.2'
    peerDependenciesMeta:
      bufferutil:
        optional: true
      utf-8-validate:
        optional: true

  xmlhttprequest-ssl@1.6.3:
    resolution: {integrity: sha512-3XfeQE/wNkvrIktn2Kf0869fC0BN6UpydVasGIeSm2B1Llihf7/0UfZM+eCkOw3P7bP4+qPgqhm7ZoxuJtFU0Q==}
    engines: {node: '>=0.4.0'}

  y18n@4.0.3:
    resolution: {integrity: sha512-JKhqTOwSrqNA1NY5lSztJ1GrBiUodLMmIZuLiDaMRJ+itFd+ABVE8XBjOvIWL+rSqNDC74LCSFmlb/U4UZ4hJQ==}

  yargs-parser@13.1.2:
    resolution: {integrity: sha512-3lbsNRf/j+A4QuSZfDRA7HRSfWrzO0YjqTJd5kjAq37Zep1CEgaYmrH9Q3GwPiB9cHyd1Y1UwggGhJGoxipbzg==}

  yargs@13.3.2:
    resolution: {integrity: sha512-AX3Zw5iPruN5ie6xGRIDgqkT+ZhnRlZMLMHAs8tg7nRruy2Nb+i5o9bwghAogtM08q1dpr2LVoS8KSTMYpWXUw==}

  yeast@0.1.2:
    resolution: {integrity: sha512-8HFIh676uyGYP6wP13R/j6OJ/1HwJ46snpvzE7aHAN3Ryqh2yX6Xox2B4CUmTwwOIzlG3Bs7ocsP5dZH/R1Qbg==}

snapshots:

  '@bazel/runfiles@5.8.1': {}

  '@engine262/engine262@0.0.1-dd05c163162914b12baca4fbabb6e9ce99a217bc': {}

  accepts@1.3.8:
    dependencies:
      mime-types: 2.1.35
      negotiator: 0.6.3

  after@0.8.2: {}

  ansi-regex@4.1.1: {}

  ansi-styles@3.2.1:
    dependencies:
      color-convert: 1.9.3

  argparse@1.0.10:
    dependencies:
      sprintf-js: 1.0.3

  arraybuffer.slice@0.0.7: {}

  ast-types@0.12.4: {}

  backo2@1.0.2: {}

  balanced-match@1.0.2: {}

  base64-arraybuffer@0.1.4: {}

  base64id@2.0.0: {}

  blob@0.0.5: {}

  brace-expansion@1.1.11:
    dependencies:
      balanced-match: 1.0.2
      concat-map: 0.0.1

  camelcase@5.3.1: {}

  cliui@5.0.0:
    dependencies:
      string-width: 3.1.0
      strip-ansi: 5.2.0
      wrap-ansi: 5.1.0

  color-convert@1.9.3:
    dependencies:
      color-name: 1.1.3

  color-name@1.1.3: {}

  component-bind@1.0.0: {}

  component-emitter@1.2.1: {}

  component-emitter@1.3.1: {}

  component-inherit@0.0.3: {}

  concat-map@0.0.1: {}

  cookie@0.4.2: {}

  core-util-is@1.0.3: {}

  debug@3.1.0:
    dependencies:
      ms: 2.0.0

  debug@4.1.1:
    dependencies:
      ms: 2.1.3

  decamelize@1.2.0: {}

  diff@6.0.0: {}

  emoji-regex@7.0.3: {}

  engine.io-client@3.5.4:
    dependencies:
      component-emitter: 1.3.1
      component-inherit: 0.0.3
      debug: 3.1.0
      engine.io-parser: 2.2.1
      has-cors: 1.1.0
      indexof: 0.0.1
      parseqs: 0.0.6
      parseuri: 0.0.6
      ws: 7.5.10
      xmlhttprequest-ssl: 1.6.3
      yeast: 0.1.2
    transitivePeerDependencies:
      - bufferutil
      - supports-color
      - utf-8-validate

  engine.io-parser@2.2.1:
    dependencies:
      after: 0.8.2
      arraybuffer.slice: 0.0.7
      base64-arraybuffer: 0.1.4
      blob: 0.0.5
      has-binary2: 1.0.3

  engine.io@3.6.2:
    dependencies:
      accepts: 1.3.8
      base64id: 2.0.0
      cookie: 0.4.2
      debug: 4.1.1
      engine.io-parser: 2.2.1
      ws: 7.5.10
    transitivePeerDependencies:
      - bufferutil
      - supports-color
      - utf-8-validate

  error-stack-parser@1.3.6:
    dependencies:
      stackframe: 0.3.1

  eshost@9.0.0:
    dependencies:
      error-stack-parser: 1.3.6
      is-symlink: 0.1.1
      recast: 0.17.6
      selenium-webdriver: 4.24.0
      server-destroy: 1.0.1
      socket.io: 2.5.1
      unique-temp-dir: 1.0.0
    transitivePeerDependencies:
      - bufferutil
      - supports-color
      - utf-8-validate

  esprima@4.0.1: {}

  find-up@3.0.0:
    dependencies:
      locate-path: 3.0.0

  get-caller-file@2.0.5: {}

  graceful-fs@4.2.11: {}

  has-binary2@1.0.3:
    dependencies:
      isarray: 2.0.1

  has-cors@1.1.0: {}

  immediate@3.0.6: {}

  indexof@0.0.1: {}

  inherits@2.0.4: {}

  is-fullwidth-code-point@2.0.0: {}

  is-symlink@0.1.1: {}

  isarray@1.0.0: {}

  isarray@2.0.1: {}

  js-yaml@3.14.1:
    dependencies:
      argparse: 1.0.10
      esprima: 4.0.1

  jszip@3.10.1:
    dependencies:
      lie: 3.3.0
      pako: 1.0.11
      readable-stream: 2.3.8
      setimmediate: 1.0.5

  klaw@2.1.1:
    dependencies:
      graceful-fs: 4.2.11

  lie@3.3.0:
    dependencies:
      immediate: 3.0.6

  locate-path@3.0.0:
    dependencies:
      p-locate: 3.0.0
      path-exists: 3.0.0

  mime-db@1.52.0: {}

  mime-types@2.1.35:
    dependencies:
      mime-db: 1.52.0

  minimatch@3.1.2:
    dependencies:
      brace-expansion: 1.1.11

  minimist@1.2.8: {}

  mkdirp@0.5.6:
    dependencies:
      minimist: 1.2.8

  ms@2.0.0: {}

  ms@2.1.3: {}

  negotiator@0.6.3: {}

  os-tmpdir@1.0.2: {}

  p-limit@2.3.0:
    dependencies:
      p-try: 2.2.0

  p-locate@3.0.0:
    dependencies:
      p-limit: 2.3.0

  p-try@2.2.0: {}

  pako@1.0.11: {}

  parseqs@0.0.6: {}

  parseuri@0.0.6: {}

  path-exists@3.0.0: {}

  picocolors@1.1.0: {}

  private@0.1.8: {}

  process-nextick-args@2.0.1: {}

  readable-stream@2.3.8:
    dependencies:
      core-util-is: 1.0.3
      inherits: 2.0.4
      isarray: 1.0.0
      process-nextick-args: 2.0.1
      safe-buffer: 5.1.2
      string_decoder: 1.1.1
      util-deprecate: 1.0.2

  recast@0.17.6:
    dependencies:
      ast-types: 0.12.4
      esprima: 4.0.1
      private: 0.1.8
      source-map: 0.6.1

  require-directory@2.1.1: {}

  require-main-filename@2.0.0: {}

  rxjs@6.6.7:
    dependencies:
      tslib: 1.14.1

  safe-buffer@5.1.2: {}

  selenium-webdriver@4.24.0:
    dependencies:
      '@bazel/runfiles': 5.8.1
      jszip: 3.10.1
      tmp: 0.2.3
      ws: 8.18.0
    transitivePeerDependencies:
      - bufferutil
      - utf-8-validate

  server-destroy@1.0.1: {}

  set-blocking@2.0.0: {}

  setimmediate@1.0.5: {}

  socket.io-adapter@1.1.2: {}

  socket.io-client@2.5.0:
    dependencies:
      backo2: 1.0.2
      component-bind: 1.0.0
      component-emitter: 1.3.1
      debug: 3.1.0
      engine.io-client: 3.5.4
      has-binary2: 1.0.3
      indexof: 0.0.1
      parseqs: 0.0.6
      parseuri: 0.0.6
      socket.io-parser: 3.3.4
      to-array: 0.1.4
    transitivePeerDependencies:
      - bufferutil
      - supports-color
      - utf-8-validate

  socket.io-parser@3.3.4:
    dependencies:
      component-emitter: 1.3.1
      debug: 3.1.0
      isarray: 2.0.1
    transitivePeerDependencies:
      - supports-color

  socket.io-parser@3.4.3:
    dependencies:
      component-emitter: 1.2.1
      debug: 4.1.1
      isarray: 2.0.1
    transitivePeerDependencies:
      - supports-color

  socket.io@2.5.1:
    dependencies:
      debug: 4.1.1
      engine.io: 3.6.2
      has-binary2: 1.0.3
      socket.io-adapter: 1.1.2
      socket.io-client: 2.5.0
      socket.io-parser: 3.4.3
    transitivePeerDependencies:
      - bufferutil
      - supports-color
      - utf-8-validate

  source-map@0.6.1: {}

  sprintf-js@1.0.3: {}

  stackframe@0.3.1: {}

  string-width@3.1.0:
    dependencies:
      emoji-regex: 7.0.3
      is-fullwidth-code-point: 2.0.0
      strip-ansi: 5.2.0

  string_decoder@1.1.1:
    dependencies:
      safe-buffer: 5.1.2

  strip-ansi@5.2.0:
    dependencies:
      ansi-regex: 4.1.1

  test262-harness@10.0.0:
    dependencies:
      eshost: 9.0.0
      minimatch: 3.1.2
      rxjs: 6.6.7
      test262-stream: 1.4.0
      yargs: 13.3.2
    transitivePeerDependencies:
      - bufferutil
      - supports-color
      - utf-8-validate

  test262-stream@1.4.0:
    dependencies:
      js-yaml: 3.14.1
      klaw: 2.1.1

  tmp@0.2.3: {}

  to-array@0.1.4: {}

  tslib@1.14.1: {}

  uid2@0.0.3: {}

  unique-temp-dir@1.0.0:
    dependencies:
      mkdirp: 0.5.6
      os-tmpdir: 1.0.2
      uid2: 0.0.3

  util-deprecate@1.0.2: {}

  which-module@2.0.1: {}

  wrap-ansi@5.1.0:
    dependencies:
      ansi-styles: 3.2.1
      string-width: 3.1.0
      strip-ansi: 5.2.0

  ws@7.5.10: {}

  ws@8.18.0: {}

  xmlhttprequest-ssl@1.6.3: {}

  y18n@4.0.3: {}

  yargs-parser@13.1.2:
    dependencies:
      camelcase: 5.3.1
      decamelize: 1.2.0

  yargs@13.3.2:
    dependencies:
      cliui: 5.0.0
      find-up: 3.0.0
      get-caller-file: 2.0.5
      require-directory: 2.1.1
      require-main-filename: 2.0.0
      set-blocking: 2.0.0
      string-width: 3.1.0
      which-module: 2.0.1
      y18n: 4.0.3
      yargs-parser: 13.1.2

  yeast@0.1.2: {}
